
Microsoft Visual Studio Solution File, Format Version 12.00
# Visual Studio Version 16
VisualStudioVersion = 16.0.30907.101
MinimumVisualStudioVersion = 10.0.40219.1
Project("{FAE04EC0-301F-11D3-BF4B-00C04F79EFBC}") = "MyDictionary", "MyDictionary\MyDictionary.csproj", "{229C3A26-3FA0-4988-8840-D4F02F3DA486}"
EndProject
Global
	GlobalSection(SolutionConfigurationPlatforms) = preSolution
		Debug|Any CPU = Debug|Any CPU
		Release|Any CPU = Release|Any CPU
	EndGlobalSection
	GlobalSection(ProjectConfigurationPlatforms) = postSolution
		{229C3A26-3FA0-4988-8840-D4F02F3DA486}.Debug|Any CPU.ActiveCfg = Debug|Any CPU
		{229C3A26-3FA0-4988-8840-D4F02F3DA486}.Debug|Any CPU.Build.0 = Debug|Any CPU
		{229C3A26-3FA0-4988-8840-D4F02F3DA486}.Release|Any CPU.ActiveCfg = Release|Any CPU
		{229C3A26-3FA0-4988-8840-D4F02F3DA486}.Release|Any CPU.Build.0 = Release|Any CPU
	EndGlobalSection
	GlobalSection(SolutionProperties) = preSolution
		HideSolutionNode = FALSE
	EndGlobalSection
	GlobalSection(ExtensibilityGlobals) = postSolution
		SolutionGuid = {AA28DF9B-608B-4E32-BD93-7EEB08A2F53F}
	EndGlobalSection
EndGlobal
